
Microsoft Visual Studio Solution File, Format Version 12.00
# Visual Studio Version 17
VisualStudioVersion = 17.5.002.0
MinimumVisualStudioVersion = 10.0.40219.1
Project("{9A19103F-16F7-4668-BE54-9A1E7A4F7556}") = "Bcr.Ldap.Server", "Bcr.Ldap.Server\Bcr.Ldap.Server.csproj", "{F303659A-969B-4080-938C-387D370AB4DF}"
EndProject
Global
	GlobalSection(SolutionConfigurationPlatforms) = preSolution
		Debug|Any CPU = Debug|Any CPU
		Release|Any CPU = Release|Any CPU
	EndGlobalSection
	GlobalSection(ProjectConfigurationPlatforms) = postSolution
		{F303659A-969B-4080-938C-387D370AB4DF}.Debug|Any CPU.ActiveCfg = Debug|Any CPU
		{F303659A-969B-4080-938C-387D370AB4DF}.Debug|Any CPU.Build.0 = Debug|Any CPU
		{F303659A-969B-4080-938C-387D370AB4DF}.Release|Any CPU.ActiveCfg = Release|Any CPU
		{F303659A-969B-4080-938C-387D370AB4DF}.Release|Any CPU.Build.0 = Release|Any CPU
	EndGlobalSection
	GlobalSection(SolutionProperties) = preSolution
		HideSolutionNode = FALSE
	EndGlobalSection
	GlobalSection(ExtensibilityGlobals) = postSolution
		SolutionGuid = {0587B90C-C8F9-4D7E-B061-011EA1D56074}
	EndGlobalSection
EndGlobal
